{
  "R": {
    "Version": "4.6.1",
    "Repositories": [
      {
        "Name": "CRAN",
        "URL": "https://cloud.r-project.org"
      },
      {
        "Name": "r-lidar",
        "URL": "https://r-lidar.r-universe.dev"
      }
    ]
  },
  "Packages": {
    "abind": {
      "Package": "abind",
      "Version": "1.4-8",
      "Source": "Repository",
      "Repository": "CRAN",
      "Requirements": []
    },
    "AsioHeaders": {
      "Package": "AsioHeaders",
      "Version": "1.30.2-1",
      "Source": "Repository",
      "Repository": "CRAN",
      "Requirements": []
    },
    "base64enc": {
      "Package": "base64enc",
      "Version": "0.1-6",
      "Source": "Repository",
      "Repository": "CRAN",
      "Requirements": []
    },
    "BH": {
      "Package": "BH",
      "Version": "1.90.0-1",
      "Source": "Repository",
      "Repository": "CRAN",
      "Requirements": []
    },
    "bslib": {
      "Package": "bslib",
      "Version": "0.11.0",
      "Source": "Repository",
      "Repository": "CRAN",
      "Requirements": [
        "base64enc",
        "cachem",
        "fastmap",
        "htmltools",
        "jquerylib",
        "jsonlite",
        "lifecycle",
        "memoise",
        "mime",
        "rlang",
        "sass"
      ]
    },
    "cachem": {
      "Package": "cachem",
      "Version": "1.1.0",
      "Source": "Repository",
      "Repository": "CRAN",
      "Requirements": [
        "fastmap",
        "rlang"
      ]
    },
    "caret": {
      "Package": "caret",
      "Version": "7.0-1",
      "Source": "Repository",
      "Repository": "CRAN",
      "Requirements": [
        "ModelMetrics",
        "e1071",
        "foreach",
        "ggplot2",
        "lattice",
        "nlme",
        "pROC",
        "plyr",
        "recipes",
        "reshape2",
        "stats4",
        "withr"
      ]
    },
    "chromote": {
      "Package": "chromote",
      "Version": "0.5.1",
      "Source": "Repository",
      "Repository": "CRAN",
      "Requirements": [
        "R6",
        "cli",
        "curl",
        "fastmap",
        "jsonlite",
        "later",
        "magrittr",
        "processx",
        "promises",
        "rlang",
        "websocket",
        "withr",
        "zip"
      ]
    },
    "class": {
      "Package": "class",
      "Version": "7.3-23",
      "Source": "Repository",
      "Repository": "CRAN",
      "Requirements": [
        "MASS"
      ]
    },
    "classInt": {
      "Package": "classInt",
      "Version": "0.4-11",
      "Source": "Repository",
      "Repository": "CRAN",
      "Requirements": [
        "KernSmooth",
        "class",
        "e1071"
      ]
    },
    "cli": {
      "Package": "cli",
      "Version": "3.6.6",
      "Source": "Repository",
      "Repository": "CRAN",
      "Requirements": []
    },
    "clock": {
      "Package": "clock",
      "Version": "0.7.4",
      "Source": "Repository",
      "Repository": "CRAN",
      "Requirements": [
        "cli",
        "cpp11",
        "lifecycle",
        "rlang",
        "tzdb",
        "vctrs"
      ]
    },
    "codetools": {
      "Package": "codetools",
      "Version": "0.2-20",
      "Source": "Repository",
      "Repository": "CRAN",
      "Requirements": []
    },
    "commonmark": {
      "Package": "commonmark",
      "Version": "2.0.0",
      "Source": "Repository",
      "Repository": "CRAN",
      "Requirements": []
    },
    "cpp11": {
      "Package": "cpp11",
      "Version": "0.5.5",
      "Source": "Repository",
      "Repository": "CRAN",
      "Requirements": []
    },
    "crosstalk": {
      "Package": "crosstalk",
      "Version": "1.2.2",
      "Source": "Repository",
      "Repository": "CRAN",
      "Requirements": [
        "R6",
        "htmltools",
        "jsonlite",
        "lazyeval"
      ]
    },
    "curl": {
      "Package": "curl",
      "Version": "7.1.0",
      "Source": "Repository",
      "Repository": "CRAN",
      "Requirements": []
    },
    "data.table": {
      "Package": "data.table",
      "Version": "1.18.4",
      "Source": "Repository",
      "Repository": "CRAN",
      "Requirements": []
    },
    "DBI": {
      "Package": "DBI",
      "Version": "1.3.0",
      "Source": "Repository",
      "Repository": "CRAN",
      "Requirements": []
    },
    "diagram": {
      "Package": "diagram",
      "Version": "1.6.5",
      "Source": "Repository",
      "Repository": "CRAN",
      "Requirements": [
        "shape"
      ]
    },
    "digest": {
      "Package": "digest",
      "Version": "0.6.39",
      "Source": "Repository",
      "Repository": "CRAN",
      "Requirements": []
    },
    "dplyr": {
      "Package": "dplyr",
      "Version": "1.2.1",
      "Source": "Repository",
      "Repository": "CRAN",
      "Requirements": [
        "R6",
        "cli",
        "generics",
        "glue",
        "lifecycle",
        "magrittr",
        "pillar",
        "rlang",
        "tibble",
        "tidyselect",
        "vctrs"
      ]
    },
    "DroneBioR": {
      "Package": "DroneBioR",
      "Version": "0.5.1",
      "Source": "GitHub",
      "RemoteType": "github",
      "RemoteHost": "api.github.com",
      "RemoteUsername": "HugoMachadoRodrigues",
      "RemoteRepo": "DroneBioR",
      "RemoteRef": "v0.5.1",
      "Requirements": [
        "grDevices",
        "parallel",
        "sf",
        "stats",
        "terra",
        "utils"
      ]
    },
    "e1071": {
      "Package": "e1071",
      "Version": "1.7-17",
      "Source": "Repository",
      "Repository": "CRAN",
      "Requirements": [
        "class",
        "proxy"
      ]
    },
    "evaluate": {
      "Package": "evaluate",
      "Version": "1.0.5",
      "Source": "Repository",
      "Repository": "CRAN",
      "Requirements": []
    },
    "farver": {
      "Package": "farver",
      "Version": "2.1.2",
      "Source": "Repository",
      "Repository": "CRAN",
      "Requirements": []
    },
    "fastmap": {
      "Package": "fastmap",
      "Version": "1.2.0",
      "Source": "Repository",
      "Repository": "CRAN",
      "Requirements": []
    },
    "fontawesome": {
      "Package": "fontawesome",
      "Version": "0.5.3",
      "Source": "Repository",
      "Repository": "CRAN",
      "Requirements": [
        "htmltools",
        "rlang"
      ]
    },
    "foreach": {
      "Package": "foreach",
      "Version": "1.5.2",
      "Source": "Repository",
      "Repository": "CRAN",
      "Requirements": [
        "codetools",
        "iterators"
      ]
    },
    "fs": {
      "Package": "fs",
      "Version": "2.1.0",
      "Source": "Repository",
      "Repository": "CRAN",
      "Requirements": []
    },
    "future": {
      "Package": "future",
      "Version": "1.70.0",
      "Source": "Repository",
      "Repository": "CRAN",
      "Requirements": [
        "digest",
        "globals",
        "listenv",
        "parallelly"
      ]
    },
    "future.apply": {
      "Package": "future.apply",
      "Version": "1.20.2",
      "Source": "Repository",
      "Repository": "CRAN",
      "Requirements": [
        "future",
        "globals"
      ]
    },
    "generics": {
      "Package": "generics",
      "Version": "0.1.4",
      "Source": "Repository",
      "Repository": "CRAN",
      "Requirements": []
    },
    "ggplot2": {
      "Package": "ggplot2",
      "Version": "4.0.3",
      "Source": "Repository",
      "Repository": "CRAN",
      "Requirements": [
        "S7",
        "cli",
        "gtable",
        "isoband",
        "lifecycle",
        "rlang",
        "scales",
        "vctrs",
        "withr"
      ]
    },
    "globals": {
      "Package": "globals",
      "Version": "0.19.1",
      "Source": "Repository",
      "Repository": "CRAN",
      "Requirements": [
        "codetools"
      ]
    },
    "glue": {
      "Package": "glue",
      "Version": "1.8.1",
      "Source": "Repository",
      "Repository": "CRAN",
      "Requirements": []
    },
    "gower": {
      "Package": "gower",
      "Version": "1.0.2",
      "Source": "Repository",
      "Repository": "CRAN",
      "Requirements": []
    },
    "gtable": {
      "Package": "gtable",
      "Version": "0.3.6",
      "Source": "Repository",
      "Repository": "CRAN",
      "Requirements": [
        "cli",
        "glue",
        "lifecycle",
        "rlang"
      ]
    },
    "hardhat": {
      "Package": "hardhat",
      "Version": "1.4.3",
      "Source": "Repository",
      "Repository": "CRAN",
      "Requirements": [
        "cli",
        "glue",
        "rlang",
        "sparsevctrs",
        "tibble",
        "vctrs"
      ]
    },
    "highr": {
      "Package": "highr",
      "Version": "0.12",
      "Source": "Repository",
      "Repository": "CRAN",
      "Requirements": [
        "xfun"
      ]
    },
    "htmltools": {
      "Package": "htmltools",
      "Version": "0.5.9",
      "Source": "Repository",
      "Repository": "CRAN",
      "Requirements": [
        "base64enc",
        "digest",
        "fastmap",
        "rlang"
      ]
    },
    "htmlwidgets": {
      "Package": "htmlwidgets",
      "Version": "1.6.4",
      "Source": "Repository",
      "Repository": "CRAN",
      "Requirements": [
        "htmltools",
        "jsonlite",
        "knitr",
        "rmarkdown",
        "yaml"
      ]
    },
    "httpuv": {
      "Package": "httpuv",
      "Version": "1.6.17",
      "Source": "Repository",
      "Repository": "CRAN",
      "Requirements": [
        "R6",
        "Rcpp",
        "later",
        "promises"
      ]
    },
    "ipred": {
      "Package": "ipred",
      "Version": "0.9-15",
      "Source": "Repository",
      "Repository": "CRAN",
      "Requirements": [
        "MASS",
        "class",
        "nnet",
        "prodlim",
        "rpart",
        "survival"
      ]
    },
    "isoband": {
      "Package": "isoband",
      "Version": "0.3.0",
      "Source": "Repository",
      "Repository": "CRAN",
      "Requirements": [
        "cli",
        "cpp11",
        "rlang"
      ]
    },
    "iterators": {
      "Package": "iterators",
      "Version": "1.0.14",
      "Source": "Repository",
      "Repository": "CRAN",
      "Requirements": []
    },
    "jquerylib": {
      "Package": "jquerylib",
      "Version": "0.1.4",
      "Source": "Repository",
      "Repository": "CRAN",
      "Requirements": [
        "htmltools"
      ]
    },
    "jsonlite": {
      "Package": "jsonlite",
      "Version": "2.0.0",
      "Source": "Repository",
      "Repository": "CRAN",
      "Requirements": []
    },
    "KernSmooth": {
      "Package": "KernSmooth",
      "Version": "2.23-26",
      "Source": "Repository",
      "Repository": "CRAN",
      "Requirements": []
    },
    "knitr": {
      "Package": "knitr",
      "Version": "1.51",
      "Source": "Repository",
      "Repository": "CRAN",
      "Requirements": [
        "evaluate",
        "highr",
        "xfun",
        "yaml"
      ]
    },
    "labeling": {
      "Package": "labeling",
      "Version": "0.4.3",
      "Source": "Repository",
      "Repository": "CRAN",
      "Requirements": []
    },
    "later": {
      "Package": "later",
      "Version": "1.4.8",
      "Source": "Repository",
      "Repository": "CRAN",
      "Requirements": [
        "Rcpp",
        "rlang"
      ]
    },
    "lattice": {
      "Package": "lattice",
      "Version": "0.22-9",
      "Source": "Repository",
      "Repository": "CRAN",
      "Requirements": []
    },
    "lava": {
      "Package": "lava",
      "Version": "1.9.2",
      "Source": "Repository",
      "Repository": "CRAN",
      "Requirements": [
        "SQUAREM",
        "cli",
        "future.apply",
        "numDeriv",
        "progressr",
        "survival"
      ]
    },
    "lazyeval": {
      "Package": "lazyeval",
      "Version": "0.2.3",
      "Source": "Repository",
      "Repository": "CRAN",
      "Requirements": [
        "rlang"
      ]
    },
    "leaflet": {
      "Package": "leaflet",
      "Version": "2.2.3",
      "Source": "Repository",
      "Repository": "CRAN",
      "Requirements": [
        "RColorBrewer",
        "crosstalk",
        "htmltools",
        "htmlwidgets",
        "jquerylib",
        "leaflet.providers",
        "magrittr",
        "png",
        "raster",
        "rlang",
        "scales",
        "sf",
        "viridisLite",
        "xfun"
      ]
    },
    "leaflet.providers": {
      "Package": "leaflet.providers",
      "Version": "3.0.0",
      "Source": "Repository",
      "Repository": "CRAN",
      "Requirements": [
        "htmltools"
      ]
    },
    "lidR": {
      "Package": "lidR",
      "Version": "4.3.2",
      "Source": "Repository",
      "Repository": "https://r-lidar.r-universe.dev",
      "RemoteUrl": "https://github.com/r-lidar/lidR",
      "RemoteRef": "HEAD",
      "RemoteSha": "975007edf24d4c94705fd0ebf26b8c3ae72a62e7",
      "Requirements": [
        "BH",
        "Rcpp",
        "RcppArmadillo",
        "classInt",
        "data.table",
        "glue",
        "lazyeval",
        "parallelly",
        "rgl",
        "rlas",
        "sf",
        "stars",
        "terra"
      ]
    },
    "lifecycle": {
      "Package": "lifecycle",
      "Version": "1.0.5",
      "Source": "Repository",
      "Repository": "CRAN",
      "Requirements": [
        "cli",
        "rlang"
      ]
    },
    "listenv": {
      "Package": "listenv",
      "Version": "1.0.0",
      "Source": "Repository",
      "Repository": "CRAN",
      "Requirements": []
    },
    "lubridate": {
      "Package": "lubridate",
      "Version": "1.9.5",
      "Source": "Repository",
      "Repository": "CRAN",
      "Requirements": [
        "generics",
        "timechange"
      ]
    },
    "magrittr": {
      "Package": "magrittr",
      "Version": "2.0.5",
      "Source": "Repository",
      "Repository": "CRAN",
      "Requirements": []
    },
    "MASS": {
      "Package": "MASS",
      "Version": "7.3-65",
      "Source": "Repository",
      "Repository": "CRAN",
      "Requirements": []
    },
    "Matrix": {
      "Package": "Matrix",
      "Version": "1.7-5",
      "Source": "Repository",
      "Repository": "CRAN",
      "Requirements": [
        "lattice"
      ]
    },
    "memoise": {
      "Package": "memoise",
      "Version": "2.0.1",
      "Source": "Repository",
      "Repository": "CRAN",
      "Requirements": [
        "cachem",
        "rlang"
      ]
    },
    "mime": {
      "Package": "mime",
      "Version": "0.13",
      "Source": "Repository",
      "Repository": "CRAN",
      "Requirements": []
    },
    "ModelMetrics": {
      "Package": "ModelMetrics",
      "Version": "1.2.2.2",
      "Source": "Repository",
      "Repository": "CRAN",
      "Requirements": [
        "Rcpp",
        "data.table"
      ]
    },
    "nlme": {
      "Package": "nlme",
      "Version": "3.1-169",
      "Source": "Repository",
      "Repository": "CRAN",
      "Requirements": [
        "lattice"
      ]
    },
    "nnet": {
      "Package": "nnet",
      "Version": "7.3-20",
      "Source": "Repository",
      "Repository": "CRAN",
      "Requirements": []
    },
    "numDeriv": {
      "Package": "numDeriv",
      "Version": "2016.8-1.1",
      "Source": "Repository",
      "Repository": "CRAN",
      "Requirements": []
    },
    "otel": {
      "Package": "otel",
      "Version": "0.2.0",
      "Source": "Repository",
      "Repository": "CRAN",
      "Requirements": []
    },
    "parallelly": {
      "Package": "parallelly",
      "Version": "1.48.0",
      "Source": "Repository",
      "Repository": "CRAN",
      "Requirements": []
    },
    "pillar": {
      "Package": "pillar",
      "Version": "1.11.1",
      "Source": "Repository",
      "Repository": "CRAN",
      "Requirements": [
        "cli",
        "glue",
        "lifecycle",
        "rlang",
        "utf8",
        "vctrs"
      ]
    },
    "pkgconfig": {
      "Package": "pkgconfig",
      "Version": "2.0.3",
      "Source": "Repository",
      "Repository": "CRAN",
      "Requirements": []
    },
    "plyr": {
      "Package": "plyr",
      "Version": "1.8.9",
      "Source": "Repository",
      "Repository": "CRAN",
      "Requirements": [
        "Rcpp"
      ]
    },
    "png": {
      "Package": "png",
      "Version": "0.1-9",
      "Source": "Repository",
      "Repository": "CRAN",
      "Requirements": []
    },
    "pROC": {
      "Package": "pROC",
      "Version": "1.19.0.1",
      "Source": "Repository",
      "Repository": "CRAN",
      "Requirements": [
        "Rcpp"
      ]
    },
    "processx": {
      "Package": "processx",
      "Version": "3.9.0",
      "Source": "Repository",
      "Repository": "CRAN",
      "Requirements": [
        "R6",
        "ps"
      ]
    },
    "prodlim": {
      "Package": "prodlim",
      "Version": "2026.03.11",
      "Source": "Repository",
      "Repository": "CRAN",
      "Requirements": [
        "KernSmooth",
        "Rcpp",
        "data.table",
        "diagram",
        "ggplot2",
        "lava",
        "rlang",
        "scales",
        "survival"
      ]
    },
    "progressr": {
      "Package": "progressr",
      "Version": "1.0.0",
      "Source": "Repository",
      "Repository": "CRAN",
      "Requirements": [
        "digest"
      ]
    },
    "promises": {
      "Package": "promises",
      "Version": "1.5.0",
      "Source": "Repository",
      "Repository": "CRAN",
      "Requirements": [
        "R6",
        "fastmap",
        "later",
        "lifecycle",
        "magrittr",
        "otel",
        "rlang"
      ]
    },
    "proxy": {
      "Package": "proxy",
      "Version": "0.4-29",
      "Source": "Repository",
      "Repository": "CRAN",
      "Requirements": []
    },
    "ps": {
      "Package": "ps",
      "Version": "1.9.3",
      "Source": "Repository",
      "Repository": "CRAN",
      "Requirements": []
    },
    "purrr": {
      "Package": "purrr",
      "Version": "1.2.2",
      "Source": "Repository",
      "Repository": "CRAN",
      "Requirements": [
        "cli",
        "lifecycle",
        "magrittr",
        "rlang",
        "vctrs"
      ]
    },
    "R6": {
      "Package": "R6",
      "Version": "2.6.1",
      "Source": "Repository",
      "Repository": "CRAN",
      "Requirements": []
    },
    "randomForest": {
      "Package": "randomForest",
      "Version": "4.7-1.2",
      "Source": "Repository",
      "Repository": "CRAN",
      "Requirements": []
    },
    "ranger": {
      "Package": "ranger",
      "Version": "0.18.0",
      "Source": "Repository",
      "Repository": "CRAN",
      "Requirements": [
        "Matrix",
        "Rcpp",
        "RcppEigen"
      ]
    },
    "rappdirs": {
      "Package": "rappdirs",
      "Version": "0.3.4",
      "Source": "Repository",
      "Repository": "CRAN",
      "Requirements": []
    },
    "raster": {
      "Package": "raster",
      "Version": "3.6-32",
      "Source": "Repository",
      "Repository": "CRAN",
      "Requirements": [
        "Rcpp",
        "sp",
        "terra"
      ]
    },
    "RColorBrewer": {
      "Package": "RColorBrewer",
      "Version": "1.1-3",
      "Source": "Repository",
      "Repository": "CRAN",
      "Requirements": []
    },
    "Rcpp": {
      "Package": "Rcpp",
      "Version": "1.1.1-1.1",
      "Source": "Repository",
      "Repository": "CRAN",
      "Requirements": []
    },
    "RcppArmadillo": {
      "Package": "RcppArmadillo",
      "Version": "15.4.0-1",
      "Source": "Repository",
      "Repository": "CRAN",
      "Requirements": [
        "Rcpp"
      ]
    },
    "RcppEigen": {
      "Package": "RcppEigen",
      "Version": "0.3.4.0.2",
      "Source": "Repository",
      "Repository": "CRAN",
      "Requirements": [
        "Rcpp"
      ]
    },
    "RCSF": {
      "Package": "RCSF",
      "Version": "1.0.2",
      "Source": "Repository",
      "Repository": "CRAN",
      "Requirements": [
        "Rcpp"
      ]
    },
    "recipes": {
      "Package": "recipes",
      "Version": "1.3.3",
      "Source": "Repository",
      "Repository": "CRAN",
      "Requirements": [
        "Matrix",
        "cli",
        "clock",
        "dplyr",
        "generics",
        "glue",
        "gower",
        "hardhat",
        "ipred",
        "lifecycle",
        "lubridate",
        "magrittr",
        "purrr",
        "rlang",
        "sparsevctrs",
        "tibble",
        "tidyr",
        "tidyselect",
        "timeDate",
        "vctrs",
        "withr"
      ]
    },
    "reshape2": {
      "Package": "reshape2",
      "Version": "1.4.5",
      "Source": "Repository",
      "Repository": "CRAN",
      "Requirements": [
        "Rcpp",
        "plyr",
        "stringr"
      ]
    },
    "rgl": {
      "Package": "rgl",
      "Version": "1.3.36",
      "Source": "Repository",
      "Repository": "CRAN",
      "Requirements": [
        "R6",
        "base64enc",
        "htmltools",
        "htmlwidgets",
        "jsonlite",
        "knitr",
        "magrittr",
        "mime"
      ]
    },
    "rlang": {
      "Package": "rlang",
      "Version": "1.3.0",
      "Source": "Repository",
      "Repository": "CRAN",
      "Requirements": []
    },
    "rlas": {
      "Package": "rlas",
      "Version": "1.9.5",
      "Source": "Repository",
      "Repository": "https://r-lidar.r-universe.dev",
      "RemoteUrl": "https://github.com/r-lidar/rlas",
      "RemoteRef": "HEAD",
      "RemoteSha": "c13147fd63a324aa7596da7f1dfb8af36de2745c",
      "Requirements": [
        "Rcpp",
        "data.table"
      ]
    },
    "rmarkdown": {
      "Package": "rmarkdown",
      "Version": "2.31",
      "Source": "Repository",
      "Repository": "CRAN",
      "Requirements": [
        "bslib",
        "evaluate",
        "fontawesome",
        "htmltools",
        "jquerylib",
        "jsonlite",
        "knitr",
        "tinytex",
        "xfun",
        "yaml"
      ]
    },
    "rpart": {
      "Package": "rpart",
      "Version": "4.1.27",
      "Source": "Repository",
      "Repository": "CRAN",
      "Requirements": []
    },
    "s2": {
      "Package": "s2",
      "Version": "1.1.11",
      "Source": "Repository",
      "Repository": "CRAN",
      "Requirements": [
        "Rcpp",
        "wk"
      ]
    },
    "S7": {
      "Package": "S7",
      "Version": "0.2.2",
      "Source": "Repository",
      "Repository": "CRAN",
      "Requirements": []
    },
    "sass": {
      "Package": "sass",
      "Version": "0.4.10",
      "Source": "Repository",
      "Repository": "CRAN",
      "Requirements": [
        "R6",
        "fs",
        "htmltools",
        "rappdirs",
        "rlang"
      ]
    },
    "scales": {
      "Package": "scales",
      "Version": "1.4.0",
      "Source": "Repository",
      "Repository": "CRAN",
      "Requirements": [
        "R6",
        "RColorBrewer",
        "cli",
        "farver",
        "glue",
        "labeling",
        "lifecycle",
        "rlang",
        "viridisLite"
      ]
    },
    "sf": {
      "Package": "sf",
      "Version": "1.1-1",
      "Source": "Repository",
      "Repository": "CRAN",
      "Requirements": [
        "DBI",
        "Rcpp",
        "classInt",
        "s2",
        "units"
      ]
    },
    "shape": {
      "Package": "shape",
      "Version": "1.4.6.1",
      "Source": "Repository",
      "Repository": "CRAN",
      "Requirements": []
    },
    "shiny": {
      "Package": "shiny",
      "Version": "1.14.0",
      "Source": "Repository",
      "Repository": "CRAN",
      "Requirements": [
        "R6",
        "bslib",
        "cachem",
        "cli",
        "commonmark",
        "fastmap",
        "fontawesome",
        "glue",
        "htmltools",
        "httpuv",
        "jsonlite",
        "later",
        "lifecycle",
        "mime",
        "otel",
        "promises",
        "rlang",
        "sourcetools",
        "withr",
        "xtable"
      ]
    },
    "sourcetools": {
      "Package": "sourcetools",
      "Version": "0.1.7-2",
      "Source": "Repository",
      "Repository": "CRAN",
      "Requirements": []
    },
    "sp": {
      "Package": "sp",
      "Version": "2.2-1",
      "Source": "Repository",
      "Repository": "CRAN",
      "Requirements": [
        "lattice"
      ]
    },
    "sparsevctrs": {
      "Package": "sparsevctrs",
      "Version": "0.3.6",
      "Source": "Repository",
      "Repository": "CRAN",
      "Requirements": [
        "cli",
        "rlang",
        "vctrs"
      ]
    },
    "SQUAREM": {
      "Package": "SQUAREM",
      "Version": "2026.1",
      "Source": "Repository",
      "Repository": "CRAN",
      "Requirements": []
    },
    "stars": {
      "Package": "stars",
      "Version": "0.7-2",
      "Source": "Repository",
      "Repository": "CRAN",
      "Requirements": [
        "abind",
        "classInt",
        "rlang",
        "sf",
        "units"
      ]
    },
    "stringi": {
      "Package": "stringi",
      "Version": "1.8.7",
      "Source": "Repository",
      "Repository": "CRAN",
      "Requirements": []
    },
    "stringr": {
      "Package": "stringr",
      "Version": "1.6.0",
      "Source": "Repository",
      "Repository": "CRAN",
      "Requirements": [
        "cli",
        "glue",
        "lifecycle",
        "magrittr",
        "rlang",
        "stringi",
        "vctrs"
      ]
    },
    "survival": {
      "Package": "survival",
      "Version": "3.8-6",
      "Source": "Repository",
      "Repository": "CRAN",
      "Requirements": [
        "Matrix",
        "splines"
      ]
    },
    "terra": {
      "Package": "terra",
      "Version": "1.9-34",
      "Source": "Repository",
      "Repository": "CRAN",
      "Requirements": [
        "Rcpp"
      ]
    },
    "tibble": {
      "Package": "tibble",
      "Version": "3.3.1",
      "Source": "Repository",
      "Repository": "CRAN",
      "Requirements": [
        "cli",
        "lifecycle",
        "magrittr",
        "pillar",
        "pkgconfig",
        "rlang",
        "vctrs"
      ]
    },
    "tidyr": {
      "Package": "tidyr",
      "Version": "1.3.2",
      "Source": "Repository",
      "Repository": "CRAN",
      "Requirements": [
        "cli",
        "cpp11",
        "dplyr",
        "glue",
        "lifecycle",
        "magrittr",
        "purrr",
        "rlang",
        "stringr",
        "tibble",
        "tidyselect",
        "vctrs"
      ]
    },
    "tidyselect": {
      "Package": "tidyselect",
      "Version": "1.2.1",
      "Source": "Repository",
      "Repository": "CRAN",
      "Requirements": [
        "cli",
        "glue",
        "lifecycle",
        "rlang",
        "vctrs",
        "withr"
      ]
    },
    "timechange": {
      "Package": "timechange",
      "Version": "0.4.0",
      "Source": "Repository",
      "Repository": "CRAN",
      "Requirements": [
        "cpp11"
      ]
    },
    "timeDate": {
      "Package": "timeDate",
      "Version": "4052.112",
      "Source": "Repository",
      "Repository": "CRAN",
      "Requirements": []
    },
    "tinytex": {
      "Package": "tinytex",
      "Version": "0.60",
      "Source": "Repository",
      "Repository": "CRAN",
      "Requirements": [
        "xfun"
      ]
    },
    "tzdb": {
      "Package": "tzdb",
      "Version": "0.5.0",
      "Source": "Repository",
      "Repository": "CRAN",
      "Requirements": [
        "cpp11"
      ]
    },
    "units": {
      "Package": "units",
      "Version": "1.0-1",
      "Source": "Repository",
      "Repository": "CRAN",
      "Requirements": [
        "Rcpp"
      ]
    },
    "utf8": {
      "Package": "utf8",
      "Version": "1.2.6",
      "Source": "Repository",
      "Repository": "CRAN",
      "Requirements": []
    },
    "vctrs": {
      "Package": "vctrs",
      "Version": "0.7.3",
      "Source": "Repository",
      "Repository": "CRAN",
      "Requirements": [
        "cli",
        "glue",
        "lifecycle",
        "rlang"
      ]
    },
    "viridisLite": {
      "Package": "viridisLite",
      "Version": "0.4.3",
      "Source": "Repository",
      "Repository": "CRAN",
      "Requirements": []
    },
    "websocket": {
      "Package": "websocket",
      "Version": "1.4.4",
      "Source": "Repository",
      "Repository": "CRAN",
      "Requirements": [
        "AsioHeaders",
        "R6",
        "cpp11",
        "later"
      ]
    },
    "withr": {
      "Package": "withr",
      "Version": "3.0.3",
      "Source": "Repository",
      "Repository": "CRAN",
      "Requirements": []
    },
    "wk": {
      "Package": "wk",
      "Version": "0.9.5",
      "Source": "Repository",
      "Repository": "CRAN",
      "Requirements": []
    },
    "xfun": {
      "Package": "xfun",
      "Version": "0.59",
      "Source": "Repository",
      "Repository": "CRAN",
      "Requirements": []
    },
    "xtable": {
      "Package": "xtable",
      "Version": "1.8-8",
      "Source": "Repository",
      "Repository": "CRAN",
      "Requirements": []
    },
    "yaml": {
      "Package": "yaml",
      "Version": "2.3.12",
      "Source": "Repository",
      "Repository": "CRAN",
      "Requirements": []
    },
    "zip": {
      "Package": "zip",
      "Version": "3.0.0",
      "Source": "Repository",
      "Repository": "CRAN",
      "Requirements": [
        "cli"
      ]
    }
  }
}
